
Microsoft Visual Studio Solution File, Format Version 12.00
# Visual Studio Version 16
VisualStudioVersion = 16.0.32802.440
MinimumVisualStudioVersion = 10.0.40219.1
Project("{FAE04EC0-301F-11D3-BF4B-00C04F79EFBC}") = "Day-6", "Day-6\Day-6.csproj", "{D89724A9-7190-4E19-AE45-72B0C7F4CE7B}"
EndProject
Global
	GlobalSection(SolutionConfigurationPlatforms) = preSolution
		Debug|Any CPU = Debug|Any CPU
		Release|Any CPU = Release|Any CPU
	EndGlobalSection
	GlobalSection(ProjectConfigurationPlatforms) = postSolution
		{D89724A9-7190-4E19-AE45-72B0C7F4CE7B}.Debug|Any CPU.ActiveCfg = Debug|Any CPU
		{D89724A9-7190-4E19-AE45-72B0C7F4CE7B}.Debug|Any CPU.Build.0 = Debug|Any CPU
		{D89724A9-7190-4E19-AE45-72B0C7F4CE7B}.Release|Any CPU.ActiveCfg = Release|Any CPU
		{D89724A9-7190-4E19-AE45-72B0C7F4CE7B}.Release|Any CPU.Build.0 = Release|Any CPU
	EndGlobalSection
	GlobalSection(SolutionProperties) = preSolution
		HideSolutionNode = FALSE
	EndGlobalSection
	GlobalSection(ExtensibilityGlobals) = postSolution
		SolutionGuid = {353D994F-CB75-404D-B25A-AC70C15FC631}
	EndGlobalSection
EndGlobal
