
Microsoft Visual Studio Solution File, Format Version 12.00
# Visual Studio Version 16
VisualStudioVersion = 16.0.32802.440
MinimumVisualStudioVersion = 10.0.40219.1
Project("{9A19103F-16F7-4668-BE54-9A1E7A4F7556}") = "WebApplication1", "WebApplication1\WebApplication1.csproj", "{4F8E5654-F9B0-4D4A-9087-B69AAC8A78E8}"
EndProject
Project("{FAE04EC0-301F-11D3-BF4B-00C04F79EFBC}") = "ClassLibrary1", "ClassLibrary1\ClassLibrary1.csproj", "{1B496392-E2D6-45C4-A7FE-405ED165942C}"
EndProject
Global
	GlobalSection(SolutionConfigurationPlatforms) = preSolution
		Debug|Any CPU = Debug|Any CPU
		Release|Any CPU = Release|Any CPU
	EndGlobalSection
	GlobalSection(ProjectConfigurationPlatforms) = postSolution
		{4F8E5654-F9B0-4D4A-9087-B69AAC8A78E8}.Debug|Any CPU.ActiveCfg = Debug|Any CPU
		{4F8E5654-F9B0-4D4A-9087-B69AAC8A78E8}.Debug|Any CPU.Build.0 = Debug|Any CPU
		{4F8E5654-F9B0-4D4A-9087-B69AAC8A78E8}.Release|Any CPU.ActiveCfg = Release|Any CPU
		{4F8E5654-F9B0-4D4A-9087-B69AAC8A78E8}.Release|Any CPU.Build.0 = Release|Any CPU
		{1B496392-E2D6-45C4-A7FE-405ED165942C}.Debug|Any CPU.ActiveCfg = Debug|Any CPU
		{1B496392-E2D6-45C4-A7FE-405ED165942C}.Debug|Any CPU.Build.0 = Debug|Any CPU
		{1B496392-E2D6-45C4-A7FE-405ED165942C}.Release|Any CPU.ActiveCfg = Release|Any CPU
		{1B496392-E2D6-45C4-A7FE-405ED165942C}.Release|Any CPU.Build.0 = Release|Any CPU
	EndGlobalSection
	GlobalSection(SolutionProperties) = preSolution
		HideSolutionNode = FALSE
	EndGlobalSection
	GlobalSection(ExtensibilityGlobals) = postSolution
		SolutionGuid = {79DFD475-850E-4D36-906B-F96CAFA0D896}
	EndGlobalSection
EndGlobal
