
Microsoft Visual Studio Solution File, Format Version 12.00
# Visual Studio Version 16
VisualStudioVersion = 16.0.32802.440
MinimumVisualStudioVersion = 10.0.40219.1
Project("{FAE04EC0-301F-11D3-BF4B-00C04F79EFBC}") = "Day-8", "Day-8\Day-8.csproj", "{EDA847A7-98E9-4D50-BB36-1149955FCDFF}"
EndProject
Global
	GlobalSection(SolutionConfigurationPlatforms) = preSolution
		Debug|Any CPU = Debug|Any CPU
		Release|Any CPU = Release|Any CPU
	EndGlobalSection
	GlobalSection(ProjectConfigurationPlatforms) = postSolution
		{EDA847A7-98E9-4D50-BB36-1149955FCDFF}.Debug|Any CPU.ActiveCfg = Debug|Any CPU
		{EDA847A7-98E9-4D50-BB36-1149955FCDFF}.Debug|Any CPU.Build.0 = Debug|Any CPU
		{EDA847A7-98E9-4D50-BB36-1149955FCDFF}.Release|Any CPU.ActiveCfg = Release|Any CPU
		{EDA847A7-98E9-4D50-BB36-1149955FCDFF}.Release|Any CPU.Build.0 = Release|Any CPU
	EndGlobalSection
	GlobalSection(SolutionProperties) = preSolution
		HideSolutionNode = FALSE
	EndGlobalSection
	GlobalSection(ExtensibilityGlobals) = postSolution
		SolutionGuid = {C6EF5F6F-981C-4608-BEF9-EE1D01AB8B5C}
	EndGlobalSection
EndGlobal
